
Microsoft Visual Studio Solution File, Format Version 12.00
# Visual Studio Version 17
VisualStudioVersion = 17.9.34701.34
MinimumVisualStudioVersion = 10.0.40219.1
Project("{8BC9CEB8-8B4A-11D0-8D11-00A0C91BC942}") = "CommandPrompt", "CommandPrompt\CommandPrompt.vcxproj", "{D4D7CA05-ADD9-4FAC-BEE6-E0E36D714743}"
EndProject
Project("{8BC9CEB8-8B4A-11D0-8D11-00A0C91BC942}") = "MBCS", "MBCS\MBCS.vcxproj", "{AE8A2A3F-A1DD-4754-A700-A9D9D2F23A27}"
EndProject
Project("{8BC9CEB8-8B4A-11D0-8D11-00A0C91BC942}") = "WBCS", "WBCS\WBCS.vcxproj", "{857DBD1F-3540-42F6-A711-D1221EACB542}"
EndProject
Project("{8BC9CEB8-8B4A-11D0-8D11-00A0C91BC942}") = "MBCS_WBCS", "MBCS_WBCS\MBCS_WBCS.vcxproj", "{67C6BDD2-3DEF-4AE6-9D0F-F2722627A20D}"
EndProject
Project("{8BC9CEB8-8B4A-11D0-8D11-00A0C91BC942}") = "ChildProcess", "ChildProcess\ChildProcess.vcxproj", "{B5F94553-B6E0-4FD9-89E6-BCAD42785799}"
EndProject
Project("{8BC9CEB8-8B4A-11D0-8D11-00A0C91BC942}") = "ParentProcess", "ParentProcess\ParentProcess.vcxproj", "{2BB3B9D7-91F2-4509-8E4E-7DCF1656E9A8}"
EndProject
Project("{8BC9CEB8-8B4A-11D0-8D11-00A0C91BC942}") = "Directory", "Directory\Directory.vcxproj", "{3B16EA5A-5113-40DD-8B50-AA293A351CE2}"
EndProject
Project("{8BC9CEB8-8B4A-11D0-8D11-00A0C91BC942}") = "HighPriorityChildProcess", "HighPriorityChildProcess\HighPriorityChildProcess.vcxproj", "{56F5976C-380D-4AF8-A07F-D34FAB65E301}"
EndProject
Project("{8BC9CEB8-8B4A-11D0-8D11-00A0C91BC942}") = "NormalPriorityParentProcess", "NormalPriorityParentProcess\NormalPriorityParentProcess.vcxproj", "{0B078268-DD4B-4DE5-830B-16FCD8D35FE7}"
EndProject
Project("{8BC9CEB8-8B4A-11D0-8D11-00A0C91BC942}") = "GetLastError", "GetLastError\GetLastError.vcxproj", "{9B5FB392-4996-4647-8A9E-CD80EF614134}"
EndProject
Project("{8BC9CEB8-8B4A-11D0-8D11-00A0C91BC942}") = "CloseHandle", "CloseHandle\CloseHandle.vcxproj", "{B0FE829A-4370-4160-B4B3-6BC2DD25A4C0}"
EndProject
Project("{8BC9CEB8-8B4A-11D0-8D11-00A0C91BC942}") = "ExitCodeChildProcess", "ExitCodeChildProcess\ExitCodeChildProcess.vcxproj", "{A51ACA9E-8611-45DF-BFB2-724CC4CF2E35}"
EndProject
Project("{8BC9CEB8-8B4A-11D0-8D11-00A0C91BC942}") = "ExitCodeParentProcess", "ExitCodeParentProcess\ExitCodeParentProcess.vcxproj", "{1CC352CD-8E90-4435-835D-9421ACCE58A2}"
EndProject
Project("{8BC9CEB8-8B4A-11D0-8D11-00A0C91BC942}") = "MailslotReceiver", "MailslotReceiver\MailslotReceiver.vcxproj", "{87271758-3F7B-45E4-89D7-DD245CC51D8C}"
EndProject
Project("{8BC9CEB8-8B4A-11D0-8D11-00A0C91BC942}") = "MailslotSender", "MailslotSender\MailslotSender.vcxproj", "{7101D538-3F82-498E-B652-973D22093D94}"
EndProject
Project("{8BC9CEB8-8B4A-11D0-8D11-00A0C91BC942}") = "AdderChildProcess", "AdderChildProcess\AdderChildProcess.vcxproj", "{648BF108-1F08-45FE-BB75-DB99E8036575}"
EndProject
Global
	GlobalSection(SolutionConfigurationPlatforms) = preSolution
		Debug|x64 = Debug|x64
		Debug|x86 = Debug|x86
		Release|x64 = Release|x64
		Release|x86 = Release|x86
	EndGlobalSection
	GlobalSection(ProjectConfigurationPlatforms) = postSolution
		{D4D7CA05-ADD9-4FAC-BEE6-E0E36D714743}.Debug|x64.ActiveCfg = Debug|x64
		{D4D7CA05-ADD9-4FAC-BEE6-E0E36D714743}.Debug|x64.Build.0 = Debug|x64
		{D4D7CA05-ADD9-4FAC-BEE6-E0E36D714743}.Debug|x86.ActiveCfg = Debug|Win32
		{D4D7CA05-ADD9-4FAC-BEE6-E0E36D714743}.Debug|x86.Build.0 = Debug|Win32
		{D4D7CA05-ADD9-4FAC-BEE6-E0E36D714743}.Release|x64.ActiveCfg = Release|x64
		{D4D7CA05-ADD9-4FAC-BEE6-E0E36D714743}.Release|x64.Build.0 = Release|x64
		{D4D7CA05-ADD9-4FAC-BEE6-E0E36D714743}.Release|x86.ActiveCfg = Release|Win32
		{D4D7CA05-ADD9-4FAC-BEE6-E0E36D714743}.Release|x86.Build.0 = Release|Win32
		{AE8A2A3F-A1DD-4754-A700-A9D9D2F23A27}.Debug|x64.ActiveCfg = Debug|x64
		{AE8A2A3F-A1DD-4754-A700-A9D9D2F23A27}.Debug|x64.Build.0 = Debug|x64
		{AE8A2A3F-A1DD-4754-A700-A9D9D2F23A27}.Debug|x86.ActiveCfg = Debug|Win32
		{AE8A2A3F-A1DD-4754-A700-A9D9D2F23A27}.Debug|x86.Build.0 = Debug|Win32
		{AE8A2A3F-A1DD-4754-A700-A9D9D2F23A27}.Release|x64.ActiveCfg = Release|x64
		{AE8A2A3F-A1DD-4754-A700-A9D9D2F23A27}.Release|x64.Build.0 = Release|x64
		{AE8A2A3F-A1DD-4754-A700-A9D9D2F23A27}.Release|x86.ActiveCfg = Release|Win32
		{AE8A2A3F-A1DD-4754-A700-A9D9D2F23A27}.Release|x86.Build.0 = Release|Win32
		{857DBD1F-3540-42F6-A711-D1221EACB542}.Debug|x64.ActiveCfg = Debug|x64
		{857DBD1F-3540-42F6-A711-D1221EACB542}.Debug|x64.Build.0 = Debug|x64
		{857DBD1F-3540-42F6-A711-D1221EACB542}.Debug|x86.ActiveCfg = Debug|Win32
		{857DBD1F-3540-42F6-A711-D1221EACB542}.Debug|x86.Build.0 = Debug|Win32
		{857DBD1F-3540-42F6-A711-D1221EACB542}.Release|x64.ActiveCfg = Release|x64
		{857DBD1F-3540-42F6-A711-D1221EACB542}.Release|x64.Build.0 = Release|x64
		{857DBD1F-3540-42F6-A711-D1221EACB542}.Release|x86.ActiveCfg = Release|Win32
		{857DBD1F-3540-42F6-A711-D1221EACB542}.Release|x86.Build.0 = Release|Win32
		{67C6BDD2-3DEF-4AE6-9D0F-F2722627A20D}.Debug|x64.ActiveCfg = Debug|x64
		{67C6BDD2-3DEF-4AE6-9D0F-F2722627A20D}.Debug|x64.Build.0 = Debug|x64
		{67C6BDD2-3DEF-4AE6-9D0F-F2722627A20D}.Debug|x86.ActiveCfg = Debug|Win32
		{67C6BDD2-3DEF-4AE6-9D0F-F2722627A20D}.Debug|x86.Build.0 = Debug|Win32
		{67C6BDD2-3DEF-4AE6-9D0F-F2722627A20D}.Release|x64.ActiveCfg = Release|x64
		{67C6BDD2-3DEF-4AE6-9D0F-F2722627A20D}.Release|x64.Build.0 = Release|x64
		{67C6BDD2-3DEF-4AE6-9D0F-F2722627A20D}.Release|x86.ActiveCfg = Release|Win32
		{67C6BDD2-3DEF-4AE6-9D0F-F2722627A20D}.Release|x86.Build.0 = Release|Win32
		{B5F94553-B6E0-4FD9-89E6-BCAD42785799}.Debug|x64.ActiveCfg = Debug|x64
		{B5F94553-B6E0-4FD9-89E6-BCAD42785799}.Debug|x64.Build.0 = Debug|x64
		{B5F94553-B6E0-4FD9-89E6-BCAD42785799}.Debug|x86.ActiveCfg = Debug|Win32
		{B5F94553-B6E0-4FD9-89E6-BCAD42785799}.Debug|x86.Build.0 = Debug|Win32
		{B5F94553-B6E0-4FD9-89E6-BCAD42785799}.Release|x64.ActiveCfg = Release|x64
		{B5F94553-B6E0-4FD9-89E6-BCAD42785799}.Release|x64.Build.0 = Release|x64
		{B5F94553-B6E0-4FD9-89E6-BCAD42785799}.Release|x86.ActiveCfg = Release|Win32
		{B5F94553-B6E0-4FD9-89E6-BCAD42785799}.Release|x86.Build.0 = Release|Win32
		{2BB3B9D7-91F2-4509-8E4E-7DCF1656E9A8}.Debug|x64.ActiveCfg = Debug|x64
		{2BB3B9D7-91F2-4509-8E4E-7DCF1656E9A8}.Debug|x64.Build.0 = Debug|x64
		{2BB3B9D7-91F2-4509-8E4E-7DCF1656E9A8}.Debug|x86.ActiveCfg = Debug|Win32
		{2BB3B9D7-91F2-4509-8E4E-7DCF1656E9A8}.Debug|x86.Build.0 = Debug|Win32
		{2BB3B9D7-91F2-4509-8E4E-7DCF1656E9A8}.Release|x64.ActiveCfg = Release|x64
		{2BB3B9D7-91F2-4509-8E4E-7DCF1656E9A8}.Release|x64.Build.0 = Release|x64
		{2BB3B9D7-91F2-4509-8E4E-7DCF1656E9A8}.Release|x86.ActiveCfg = Release|Win32
		{2BB3B9D7-91F2-4509-8E4E-7DCF1656E9A8}.Release|x86.Build.0 = Release|Win32
		{3B16EA5A-5113-40DD-8B50-AA293A351CE2}.Debug|x64.ActiveCfg = Debug|x64
		{3B16EA5A-5113-40DD-8B50-AA293A351CE2}.Debug|x64.Build.0 = Debug|x64
		{3B16EA5A-5113-40DD-8B50-AA293A351CE2}.Debug|x86.ActiveCfg = Debug|Win32
		{3B16EA5A-5113-40DD-8B50-AA293A351CE2}.Debug|x86.Build.0 = Debug|Win32
		{3B16EA5A-5113-40DD-8B50-AA293A351CE2}.Release|x64.ActiveCfg = Release|x64
		{3B16EA5A-5113-40DD-8B50-AA293A351CE2}.Release|x64.Build.0 = Release|x64
		{3B16EA5A-5113-40DD-8B50-AA293A351CE2}.Release|x86.ActiveCfg = Release|Win32
		{3B16EA5A-5113-40DD-8B50-AA293A351CE2}.Release|x86.Build.0 = Release|Win32
		{56F5976C-380D-4AF8-A07F-D34FAB65E301}.Debug|x64.ActiveCfg = Debug|x64
		{56F5976C-380D-4AF8-A07F-D34FAB65E301}.Debug|x64.Build.0 = Debug|x64
		{56F5976C-380D-4AF8-A07F-D34FAB65E301}.Debug|x86.ActiveCfg = Debug|Win32
		{56F5976C-380D-4AF8-A07F-D34FAB65E301}.Debug|x86.Build.0 = Debug|Win32
		{56F5976C-380D-4AF8-A07F-D34FAB65E301}.Release|x64.ActiveCfg = Release|x64
		{56F5976C-380D-4AF8-A07F-D34FAB65E301}.Release|x64.Build.0 = Release|x64
		{56F5976C-380D-4AF8-A07F-D34FAB65E301}.Release|x86.ActiveCfg = Release|Win32
		{56F5976C-380D-4AF8-A07F-D34FAB65E301}.Release|x86.Build.0 = Release|Win32
		{0B078268-DD4B-4DE5-830B-16FCD8D35FE7}.Debug|x64.ActiveCfg = Debug|x64
		{0B078268-DD4B-4DE5-830B-16FCD8D35FE7}.Debug|x64.Build.0 = Debug|x64
		{0B078268-DD4B-4DE5-830B-16FCD8D35FE7}.Debug|x86.ActiveCfg = Debug|Win32
		{0B078268-DD4B-4DE5-830B-16FCD8D35FE7}.Debug|x86.Build.0 = Debug|Win32
		{0B078268-DD4B-4DE5-830B-16FCD8D35FE7}.Release|x64.ActiveCfg = Release|x64
		{0B078268-DD4B-4DE5-830B-16FCD8D35FE7}.Release|x64.Build.0 = Release|x64
		{0B078268-DD4B-4DE5-830B-16FCD8D35FE7}.Release|x86.ActiveCfg = Release|Win32
		{0B078268-DD4B-4DE5-830B-16FCD8D35FE7}.Release|x86.Build.0 = Release|Win32
		{9B5FB392-4996-4647-8A9E-CD80EF614134}.Debug|x64.ActiveCfg = Debug|x64
		{9B5FB392-4996-4647-8A9E-CD80EF614134}.Debug|x64.Build.0 = Debug|x64
		{9B5FB392-4996-4647-8A9E-CD80EF614134}.Debug|x86.ActiveCfg = Debug|Win32
		{9B5FB392-4996-4647-8A9E-CD80EF614134}.Debug|x86.Build.0 = Debug|Win32
		{9B5FB392-4996-4647-8A9E-CD80EF614134}.Release|x64.ActiveCfg = Release|x64
		{9B5FB392-4996-4647-8A9E-CD80EF614134}.Release|x64.Build.0 = Release|x64
		{9B5FB392-4996-4647-8A9E-CD80EF614134}.Release|x86.ActiveCfg = Release|Win32
		{9B5FB392-4996-4647-8A9E-CD80EF614134}.Release|x86.Build.0 = Release|Win32
		{B0FE829A-4370-4160-B4B3-6BC2DD25A4C0}.Debug|x64.ActiveCfg = Debug|x64
		{B0FE829A-4370-4160-B4B3-6BC2DD25A4C0}.Debug|x64.Build.0 = Debug|x64
		{B0FE829A-4370-4160-B4B3-6BC2DD25A4C0}.Debug|x86.ActiveCfg = Debug|Win32
		{B0FE829A-4370-4160-B4B3-6BC2DD25A4C0}.Debug|x86.Build.0 = Debug|Win32
		{B0FE829A-4370-4160-B4B3-6BC2DD25A4C0}.Release|x64.ActiveCfg = Release|x64
		{B0FE829A-4370-4160-B4B3-6BC2DD25A4C0}.Release|x64.Build.0 = Release|x64
		{B0FE829A-4370-4160-B4B3-6BC2DD25A4C0}.Release|x86.ActiveCfg = Release|Win32
		{B0FE829A-4370-4160-B4B3-6BC2DD25A4C0}.Release|x86.Build.0 = Release|Win32
		{A51ACA9E-8611-45DF-BFB2-724CC4CF2E35}.Debug|x64.ActiveCfg = Debug|x64
		{A51ACA9E-8611-45DF-BFB2-724CC4CF2E35}.Debug|x64.Build.0 = Debug|x64
		{A51ACA9E-8611-45DF-BFB2-724CC4CF2E35}.Debug|x86.ActiveCfg = Debug|Win32
		{A51ACA9E-8611-45DF-BFB2-724CC4CF2E35}.Debug|x86.Build.0 = Debug|Win32
		{A51ACA9E-8611-45DF-BFB2-724CC4CF2E35}.Release|x64.ActiveCfg = Release|x64
		{A51ACA9E-8611-45DF-BFB2-724CC4CF2E35}.Release|x64.Build.0 = Release|x64
		{A51ACA9E-8611-45DF-BFB2-724CC4CF2E35}.Release|x86.ActiveCfg = Release|Win32
		{A51ACA9E-8611-45DF-BFB2-724CC4CF2E35}.Release|x86.Build.0 = Release|Win32
		{1CC352CD-8E90-4435-835D-9421ACCE58A2}.Debug|x64.ActiveCfg = Debug|x64
		{1CC352CD-8E90-4435-835D-9421ACCE58A2}.Debug|x64.Build.0 = Debug|x64
		{1CC352CD-8E90-4435-835D-9421ACCE58A2}.Debug|x86.ActiveCfg = Debug|Win32
		{1CC352CD-8E90-4435-835D-9421ACCE58A2}.Debug|x86.Build.0 = Debug|Win32
		{1CC352CD-8E90-4435-835D-9421ACCE58A2}.Release|x64.ActiveCfg = Release|x64
		{1CC352CD-8E90-4435-835D-9421ACCE58A2}.Release|x64.Build.0 = Release|x64
		{1CC352CD-8E90-4435-835D-9421ACCE58A2}.Release|x86.ActiveCfg = Release|Win32
		{1CC352CD-8E90-4435-835D-9421ACCE58A2}.Release|x86.Build.0 = Release|Win32
		{87271758-3F7B-45E4-89D7-DD245CC51D8C}.Debug|x64.ActiveCfg = Debug|x64
		{87271758-3F7B-45E4-89D7-DD245CC51D8C}.Debug|x64.Build.0 = Debug|x64
		{87271758-3F7B-45E4-89D7-DD245CC51D8C}.Debug|x86.ActiveCfg = Debug|Win32
		{87271758-3F7B-45E4-89D7-DD245CC51D8C}.Debug|x86.Build.0 = Debug|Win32
		{87271758-3F7B-45E4-89D7-DD245CC51D8C}.Release|x64.ActiveCfg = Release|x64
		{87271758-3F7B-45E4-89D7-DD245CC51D8C}.Release|x64.Build.0 = Release|x64
		{87271758-3F7B-45E4-89D7-DD245CC51D8C}.Release|x86.ActiveCfg = Release|Win32
		{87271758-3F7B-45E4-89D7-DD245CC51D8C}.Release|x86.Build.0 = Release|Win32
		{7101D538-3F82-498E-B652-973D22093D94}.Debug|x64.ActiveCfg = Debug|x64
		{7101D538-3F82-498E-B652-973D22093D94}.Debug|x64.Build.0 = Debug|x64
		{7101D538-3F82-498E-B652-973D22093D94}.Debug|x86.ActiveCfg = Debug|Win32
		{7101D538-3F82-498E-B652-973D22093D94}.Debug|x86.Build.0 = Debug|Win32
		{7101D538-3F82-498E-B652-973D22093D94}.Release|x64.ActiveCfg = Release|x64
		{7101D538-3F82-498E-B652-973D22093D94}.Release|x64.Build.0 = Release|x64
		{7101D538-3F82-498E-B652-973D22093D94}.Release|x86.ActiveCfg = Release|Win32
		{7101D538-3F82-498E-B652-973D22093D94}.Release|x86.Build.0 = Release|Win32
		{648BF108-1F08-45FE-BB75-DB99E8036575}.Debug|x64.ActiveCfg = Debug|x64
		{648BF108-1F08-45FE-BB75-DB99E8036575}.Debug|x64.Build.0 = Debug|x64
		{648BF108-1F08-45FE-BB75-DB99E8036575}.Debug|x86.ActiveCfg = Debug|Win32
		{648BF108-1F08-45FE-BB75-DB99E8036575}.Debug|x86.Build.0 = Debug|Win32
		{648BF108-1F08-45FE-BB75-DB99E8036575}.Release|x64.ActiveCfg = Release|x64
		{648BF108-1F08-45FE-BB75-DB99E8036575}.Release|x64.Build.0 = Release|x64
		{648BF108-1F08-45FE-BB75-DB99E8036575}.Release|x86.ActiveCfg = Release|Win32
		{648BF108-1F08-45FE-BB75-DB99E8036575}.Release|x86.Build.0 = Release|Win32
	EndGlobalSection
	GlobalSection(SolutionProperties) = preSolution
		HideSolutionNode = FALSE
	EndGlobalSection
	GlobalSection(ExtensibilityGlobals) = postSolution
		SolutionGuid = {16565630-6EAE-4CF3-9551-16E7E90B8C5A}
	EndGlobalSection
EndGlobal
